
Microsoft Visual Studio Solution File, Format Version 12.00
# Visual Studio Version 17
VisualStudioVersion = 17.10.34607.79
MinimumVisualStudioVersion = 10.0.40219.1
Project("{2150E333-8FDC-42A3-9474-1A3956D46DE8}") = "Tests", "Tests", "{A5CB4912-F365-4024-A653-E3AFF9F04FD6}"
EndProject
Project("{9A19103F-16F7-4668-BE54-9A1E7A4F7556}") = "ProWPF.Modules.CustomControls.Tests", "ProWPF\Tests\ProWPF.Modules.ModuleName.Tests\ProWPF.Modules.CustomControls.Tests.csproj", "{ECF878CC-AC79-4AF0-A7A2-CCC6C8E07950}"
EndProject
Project("{2150E333-8FDC-42A3-9474-1A3956D46DE8}") = "Modules", "Modules", "{D6169F23-93B9-4B7B-AC5F-3CBB6492BBA8}"
EndProject
Project("{2150E333-8FDC-42A3-9474-1A3956D46DE8}") = "Services", "Services", "{4C5D0DD9-F2AA-4A42-AE30-5B946582AF54}"
EndProject
Project("{9A19103F-16F7-4668-BE54-9A1E7A4F7556}") = "ProWPF.Services", "ProWPF\Services\ProWPF.Services\ProWPF.Services.csproj", "{9BAEB11B-488A-4F86-BB1F-AB05D3B1078D}"
EndProject
Project("{9A19103F-16F7-4668-BE54-9A1E7A4F7556}") = "ProWPF.Services.Interfaces", "ProWPF\Services\ProWPF.Services.Interfaces\ProWPF.Services.Interfaces.csproj", "{D36031E2-6694-4592-ACAE-84FC4A8D50AF}"
EndProject
Project("{9A19103F-16F7-4668-BE54-9A1E7A4F7556}") = "ProWPF", "ProWPF\ProWPF\ProWPF.csproj", "{16759E64-6441-4937-AF9B-970D70683019}"
EndProject
Project("{9A19103F-16F7-4668-BE54-9A1E7A4F7556}") = "ProWPF.Core", "ProWPF\ProWPF.Core\ProWPF.Core.csproj", "{BAC3FC01-9A31-4192-B344-6536FFD2497A}"
EndProject
Project("{9A19103F-16F7-4668-BE54-9A1E7A4F7556}") = "ProWPF.Modules.CustomControls", "ProWPF\Modules\ProWPF.Modules.CustomControls\ProWPF.Modules.CustomControls.csproj", "{5E2E5F47-B140-41E5-8877-4C467E108C4B}"
EndProject
Global
	GlobalSection(SolutionConfigurationPlatforms) = preSolution
		Debug|Any CPU = Debug|Any CPU
		Release|Any CPU = Release|Any CPU
	EndGlobalSection
	GlobalSection(ProjectConfigurationPlatforms) = postSolution
		{ECF878CC-AC79-4AF0-A7A2-CCC6C8E07950}.Debug|Any CPU.ActiveCfg = Debug|Any CPU
		{ECF878CC-AC79-4AF0-A7A2-CCC6C8E07950}.Debug|Any CPU.Build.0 = Debug|Any CPU
		{ECF878CC-AC79-4AF0-A7A2-CCC6C8E07950}.Release|Any CPU.ActiveCfg = Release|Any CPU
		{ECF878CC-AC79-4AF0-A7A2-CCC6C8E07950}.Release|Any CPU.Build.0 = Release|Any CPU
		{9BAEB11B-488A-4F86-BB1F-AB05D3B1078D}.Debug|Any CPU.ActiveCfg = Debug|Any CPU
		{9BAEB11B-488A-4F86-BB1F-AB05D3B1078D}.Debug|Any CPU.Build.0 = Debug|Any CPU
		{9BAEB11B-488A-4F86-BB1F-AB05D3B1078D}.Release|Any CPU.ActiveCfg = Release|Any CPU
		{9BAEB11B-488A-4F86-BB1F-AB05D3B1078D}.Release|Any CPU.Build.0 = Release|Any CPU
		{D36031E2-6694-4592-ACAE-84FC4A8D50AF}.Debug|Any CPU.ActiveCfg = Debug|Any CPU
		{D36031E2-6694-4592-ACAE-84FC4A8D50AF}.Debug|Any CPU.Build.0 = Debug|Any CPU
		{D36031E2-6694-4592-ACAE-84FC4A8D50AF}.Release|Any CPU.ActiveCfg = Release|Any CPU
		{D36031E2-6694-4592-ACAE-84FC4A8D50AF}.Release|Any CPU.Build.0 = Release|Any CPU
		{16759E64-6441-4937-AF9B-970D70683019}.Debug|Any CPU.ActiveCfg = Debug|Any CPU
		{16759E64-6441-4937-AF9B-970D70683019}.Debug|Any CPU.Build.0 = Debug|Any CPU
		{16759E64-6441-4937-AF9B-970D70683019}.Release|Any CPU.ActiveCfg = Release|Any CPU
		{16759E64-6441-4937-AF9B-970D70683019}.Release|Any CPU.Build.0 = Release|Any CPU
		{BAC3FC01-9A31-4192-B344-6536FFD2497A}.Debug|Any CPU.ActiveCfg = Debug|Any CPU
		{BAC3FC01-9A31-4192-B344-6536FFD2497A}.Debug|Any CPU.Build.0 = Debug|Any CPU
		{BAC3FC01-9A31-4192-B344-6536FFD2497A}.Release|Any CPU.ActiveCfg = Release|Any CPU
		{BAC3FC01-9A31-4192-B344-6536FFD2497A}.Release|Any CPU.Build.0 = Release|Any CPU
		{5E2E5F47-B140-41E5-8877-4C467E108C4B}.Debug|Any CPU.ActiveCfg = Debug|Any CPU
		{5E2E5F47-B140-41E5-8877-4C467E108C4B}.Debug|Any CPU.Build.0 = Debug|Any CPU
		{5E2E5F47-B140-41E5-8877-4C467E108C4B}.Release|Any CPU.ActiveCfg = Release|Any CPU
		{5E2E5F47-B140-41E5-8877-4C467E108C4B}.Release|Any CPU.Build.0 = Release|Any CPU
	EndGlobalSection
	GlobalSection(SolutionProperties) = preSolution
		HideSolutionNode = FALSE
	EndGlobalSection
	GlobalSection(NestedProjects) = preSolution
		{ECF878CC-AC79-4AF0-A7A2-CCC6C8E07950} = {A5CB4912-F365-4024-A653-E3AFF9F04FD6}
		{9BAEB11B-488A-4F86-BB1F-AB05D3B1078D} = {4C5D0DD9-F2AA-4A42-AE30-5B946582AF54}
		{D36031E2-6694-4592-ACAE-84FC4A8D50AF} = {4C5D0DD9-F2AA-4A42-AE30-5B946582AF54}
		{5E2E5F47-B140-41E5-8877-4C467E108C4B} = {D6169F23-93B9-4B7B-AC5F-3CBB6492BBA8}
	EndGlobalSection
	GlobalSection(ExtensibilityGlobals) = postSolution
		SolutionGuid = {888456B0-95BE-4601-95D3-AD892D79AB6F}
	EndGlobalSection
EndGlobal
